// !$*UTF8*$!
{
	archiveVersion = 1;
	classes = {
	};
	objectVersion = 56;
	objects = {

/* Begin PBXBuildFile section */
		1BFDE3572BC2F1C9000EBA6E /* AppDelegate.swift in Sources */ = {isa = PBXBuildFile; fileRef = 1BFDE3562BC2F1C9000EBA6E /* AppDelegate.swift */; };
		1BFDE3592BC2F1C9000EBA6E /* SceneDelegate.swift in Sources */ = {isa = PBXBuildFile; fileRef = 1BFDE3582BC2F1C9000EBA6E /* SceneDelegate.swift */; };
		1BFDE35B2BC2F1C9000EBA6E /* ViewController.swift in Sources */ = {isa = PBXBuildFile; fileRef = 1BFDE35A2BC2F1C9000EBA6E /* ViewController.swift */; };
		1BFDE3612BC2F1C9000EBA6E /* LottieStudy.xcdatamodeld in Sources */ = {isa = PBXBuildFile; fileRef = 1BFDE35F2BC2F1C9000EBA6E /* LottieStudy.xcdatamodeld */; };
		1BFDE3632BC2F1CB000EBA6E /* Assets.xcassets in Resources */ = {isa = PBXBuildFile; fileRef = 1BFDE3622BC2F1CB000EBA6E /* Assets.xcassets */; };
		1BFDE3662BC2F1CB000EBA6E /* Base in Resources */ = {isa = PBXBuildFile; fileRef = 1BFDE3652BC2F1CB000EBA6E /* Base */; };
		1BFDE36E2BC2F67D000EBA6E /* testLottie.json in Resources */ = {isa = PBXBuildFile; fileRef = 1BFDE36D2BC2F67D000EBA6E /* testLottie.json */; };
		1BFDE3712BC2F84E000EBA6E /* Lottie in Frameworks */ = {isa = PBXBuildFile; productRef = 1BFDE3702BC2F84E000EBA6E /* Lottie */; };
		1BFDE3732BC2FEAD000EBA6E /* welcome.json in Resources */ = {isa = PBXBuildFile; fileRef = 1BFDE3722BC2FEAD000EBA6E /* welcome.json */; };
		1BFDE37B2BC3025D000EBA6E /* figgachu.json in Resources */ = {isa = PBXBuildFile; fileRef = 1BFDE37A2BC3025D000EBA6E /* figgachu.json */; };
		1BFDE37D2BC302C9000EBA6E /* plus2.json in Resources */ = {isa = PBXBuildFile; fileRef = 1BFDE37C2BC302C9000EBA6E /* plus2.json */; };
		FB7BE4067A76FB740D6BD559 /* Pods_LottieStudy.framework in Frameworks */ = {isa = PBXBuildFile; fileRef = D236E6A5E45D11CF43AEC4A3 /* Pods_LottieStudy.framework */; };
/* End PBXBuildFile section */

/* Begin PBXFileReference section */
		147E814E9551824C25843DD2 /* Pods-LottieStudy.release.xcconfig */ = {isa = PBXFileReference; includeInIndex = 1; lastKnownFileType = text.xcconfig; name = "Pods-LottieStudy.release.xcconfig"; path = "Target Support Files/Pods-LottieStudy/Pods-LottieStudy.release.xcconfig"; sourceTree = "<group>"; };
		1BFDE3532BC2F1C9000EBA6E /* LottieStudy.app */ = {isa = PBXFileReference; explicitFileType = wrapper.application; includeInIndex = 0; path = LottieStudy.app; sourceTree = BUILT_PRODUCTS_DIR; };
		1BFDE3562BC2F1C9000EBA6E /* AppDelegate.swift */ = {isa = PBXFileReference; lastKnownFileType = sourcecode.swift; path = AppDelegate.swift; sourceTree = "<group>"; };
		1BFDE3582BC2F1C9000EBA6E /* SceneDelegate.swift */ = {isa = PBXFileReference; lastKnownFileType = sourcecode.swift; path = SceneDelegate.swift; sourceTree = "<group>"; };
		1BFDE35A2BC2F1C9000EBA6E /* ViewController.swift */ = {isa = PBXFileReference; lastKnownFileType = sourcecode.swift; path = ViewController.swift; sourceTree = "<group>"; };
		1BFDE3602BC2F1C9000EBA6E /* LottieStudy.xcdatamodel */ = {isa = PBXFileReference; lastKnownFileType = wrapper.xcdatamodel; path = LottieStudy.xcdatamodel; sourceTree = "<group>"; };
		1BFDE3622BC2F1CB000EBA6E /* Assets.xcassets */ = {isa = PBXFileReference; lastKnownFileType = folder.assetcatalog; path = Assets.xcassets; sourceTree = "<group>"; };
		1BFDE3652BC2F1CB000EBA6E /* Base */ = {isa = PBXFileReference; lastKnownFileType = file.storyboard; name = Base; path = Base.lproj/LaunchScreen.storyboard; sourceTree = "<group>"; };
		1BFDE3672BC2F1CB000EBA6E /* Info.plist */ = {isa = PBXFileReference; lastKnownFileType = text.plist.xml; path = Info.plist; sourceTree = "<group>"; };
		1BFDE36D2BC2F67D000EBA6E /* testLottie.json */ = {isa = PBXFileReference; fileEncoding = 4; lastKnownFileType = text.json; path = testLottie.json; sourceTree = "<group>"; };
		1BFDE3722BC2FEAD000EBA6E /* welcome.json */ = {isa = PBXFileReference; fileEncoding = 4; lastKnownFileType = text.json; path = welcome.json; sourceTree = "<group>"; };
		1BFDE37A2BC3025D000EBA6E /* figgachu.json */ = {isa = PBXFileReference; fileEncoding = 4; lastKnownFileType = text.json; path = figgachu.json; sourceTree = "<group>"; };
		1BFDE37C2BC302C9000EBA6E /* plus2.json */ = {isa = PBXFileReference; fileEncoding = 4; lastKnownFileType = text.json; path = plus2.json; sourceTree = "<group>"; };
		751CF98E5891DA04B0F14651 /* Pods-LottieStudy.debug.xcconfig */ = {isa = PBXFileReference; includeInIndex = 1; lastKnownFileType = text.xcconfig; name = "Pods-LottieStudy.debug.xcconfig"; path = "Target Support Files/Pods-LottieStudy/Pods-LottieStudy.debug.xcconfig"; sourceTree = "<group>"; };
		D236E6A5E45D11CF43AEC4A3 /* Pods_LottieStudy.framework */ = {isa = PBXFileReference; explicitFileType = wrapper.framework; includeInIndex = 0; path = Pods_LottieStudy.framework; sourceTree = BUILT_PRODUCTS_DIR; };
/* End PBXFileReference section */

/* Begin PBXFrameworksBuildPhase section */
		1BFDE3502BC2F1C9000EBA6E /* Frameworks */ = {
			isa = PBXFrameworksBuildPhase;
			buildActionMask = 2147483647;
			files = (
				FB7BE4067A76FB740D6BD559 /* Pods_LottieStudy.framework in Frameworks */,
				1BFDE3712BC2F84E000EBA6E /* Lottie in Frameworks */,
			);
			runOnlyForDeploymentPostprocessing = 0;
		};
/* End PBXFrameworksBuildPhase section */

/* Begin PBXGroup section */
		1BFDE34A2BC2F1C9000EBA6E = {
			isa = PBXGroup;
			children = (
				1BFDE3552BC2F1C9000EBA6E /* LottieStudy */,
				1BFDE3542BC2F1C9000EBA6E /* Products */,
				924D071DFEC64E182BA4DA5D /* Pods */,
				E42F92E7FF6B3129B8312BCB /* Frameworks */,
			);
			sourceTree = "<group>";
		};
		1BFDE3542BC2F1C9000EBA6E /* Products */ = {
			isa = PBXGroup;
			children = (
				1BFDE3532BC2F1C9000EBA6E /* LottieStudy.app */,
			);
			name = Products;
			sourceTree = "<group>";
		};
		1BFDE3552BC2F1C9000EBA6E /* LottieStudy */ = {
			isa = PBXGroup;
			children = (
				1BFDE37C2BC302C9000EBA6E /* plus2.json */,
				1BFDE37A2BC3025D000EBA6E /* figgachu.json */,
				1BFDE3722BC2FEAD000EBA6E /* welcome.json */,
				1BFDE36D2BC2F67D000EBA6E /* testLottie.json */,
				1BFDE3562BC2F1C9000EBA6E /* AppDelegate.swift */,
				1BFDE3582BC2F1C9000EBA6E /* SceneDelegate.swift */,
				1BFDE35A2BC2F1C9000EBA6E /* ViewController.swift */,
				1BFDE3622BC2F1CB000EBA6E /* Assets.xcassets */,
				1BFDE3642BC2F1CB000EBA6E /* LaunchScreen.storyboard */,
				1BFDE3672BC2F1CB000EBA6E /* Info.plist */,
				1BFDE35F2BC2F1C9000EBA6E /* LottieStudy.xcdatamodeld */,
			);
			path = LottieStudy;
			sourceTree = "<group>";
		};
		924D071DFEC64E182BA4DA5D /* Pods */ = {
			isa = PBXGroup;
			children = (
				751CF98E5891DA04B0F14651 /* Pods-LottieStudy.debug.xcconfig */,
				147E814E9551824C25843DD2 /* Pods-LottieStudy.release.xcconfig */,
			);
			path = Pods;
			sourceTree = "<group>";
		};
		E42F92E7FF6B3129B8312BCB /* Frameworks */ = {
			isa = PBXGroup;
			children = (
				D236E6A5E45D11CF43AEC4A3 /* Pods_LottieStudy.framework */,
			);
			name = Frameworks;
			sourceTree = "<group>";
		};
/* End PBXGroup section */

/* Begin PBXNativeTarget section */
		1BFDE3522BC2F1C9000EBA6E /* LottieStudy */ = {
			isa = PBXNativeTarget;
			buildConfigurationList = 1BFDE36A2BC2F1CB000EBA6E /* Build configuration list for PBXNativeTarget "LottieStudy" */;
			buildPhases = (
				96D8F5531371A3A042C81B14 /* [CP] Check Pods Manifest.lock */,
				1BFDE34F2BC2F1C9000EBA6E /* Sources */,
				1BFDE3502BC2F1C9000EBA6E /* Frameworks */,
				1BFDE3512BC2F1C9000EBA6E /* Resources */,
				06D6C3220FE6EEF6219A77FC /* [CP] Embed Pods Frameworks */,
			);
			buildRules = (
			);
			dependencies = (
			);
			name = LottieStudy;
			packageProductDependencies = (
				1BFDE3702BC2F84E000EBA6E /* Lottie */,
			);
			productName = LottieStudy;
			productReference = 1BFDE3532BC2F1C9000EBA6E /* LottieStudy.app */;
			productType = "com.apple.product-type.application";
		};
/* End PBXNativeTarget section */

/* Begin PBXProject section */
		1BFDE34B2BC2F1C9000EBA6E /* Project object */ = {
			isa = PBXProject;
			attributes = {
				BuildIndependentTargetsInParallel = 1;
				LastSwiftUpdateCheck = 1530;
				LastUpgradeCheck = 1530;
				TargetAttributes = {
					1BFDE3522BC2F1C9000EBA6E = {
						CreatedOnToolsVersion = 15.3;
					};
				};
			};
			buildConfigurationList = 1BFDE34E2BC2F1C9000EBA6E /* Build configuration list for PBXProject "LottieStudy" */;
			compatibilityVersion = "Xcode 14.0";
			developmentRegion = en;
			hasScannedForEncodings = 0;
			knownRegions = (
				en,
				Base,
			);
			mainGroup = 1BFDE34A2BC2F1C9000EBA6E;
			packageReferences = (
				1BFDE36F2BC2F84E000EBA6E /* XCRemoteSwiftPackageReference "lottie-ios" */,
			);
			productRefGroup = 1BFDE3542BC2F1C9000EBA6E /* Products */;
			projectDirPath = "";
			projectRoot = "";
			targets = (
				1BFDE3522BC2F1C9000EBA6E /* LottieStudy */,
			);
		};
/* End PBXProject section */

/* Begin PBXResourcesBuildPhase section */
		1BFDE3512BC2F1C9000EBA6E /* Resources */ = {
			isa = PBXResourcesBuildPhase;
			buildActionMask = 2147483647;
			files = (
				1BFDE3732BC2FEAD000EBA6E /* welcome.json in Resources */,
				1BFDE37D2BC302C9000EBA6E /* plus2.json in Resources */,
				1BFDE37B2BC3025D000EBA6E /* figgachu.json in Resources */,
				1BFDE3632BC2F1CB000EBA6E /* Assets.xcassets in Resources */,
				1BFDE36E2BC2F67D000EBA6E /* testLottie.json in Resources */,
				1BFDE3662BC2F1CB000EBA6E /* Base in Resources */,
			);
			runOnlyForDeploymentPostprocessing = 0;
		};
/* End PBXResourcesBuildPhase section */

/* Begin PBXShellScriptBuildPhase section */
		06D6C3220FE6EEF6219A77FC /* [CP] Embed Pods Frameworks */ = {
			isa = PBXShellScriptBuildPhase;
			buildActionMask = 2147483647;
			files = (
			);
			inputFileListPaths = (
				"${PODS_ROOT}/Target Support Files/Pods-LottieStudy/Pods-LottieStudy-frameworks-${CONFIGURATION}-input-files.xcfilelist",
			);
			name = "[CP] Embed Pods Frameworks";
			outputFileListPaths = (
				"${PODS_ROOT}/Target Support Files/Pods-LottieStudy/Pods-LottieStudy-frameworks-${CONFIGURATION}-output-files.xcfilelist",
			);
			runOnlyForDeploymentPostprocessing = 0;
			shellPath = /bin/sh;
			shellScript = "\"${PODS_ROOT}/Target Support Files/Pods-LottieStudy/Pods-LottieStudy-frameworks.sh\"\n";
			showEnvVarsInLog = 0;
		};
		96D8F5531371A3A042C81B14 /* [CP] Check Pods Manifest.lock */ = {
			isa = PBXShellScriptBuildPhase;
			buildActionMask = 2147483647;
			files = (
			);
			inputFileListPaths = (
			);
			inputPaths = (
				"${PODS_PODFILE_DIR_PATH}/Podfile.lock",
				"${PODS_ROOT}/Manifest.lock",
			);
			name = "[CP] Check Pods Manifest.lock";
			outputFileListPaths = (
			);
			outputPaths = (
				"$(DERIVED_FILE_DIR)/Pods-LottieStudy-checkManifestLockResult.txt",
			);
			runOnlyForDeploymentPostprocessing = 0;
			shellPath = /bin/sh;
			shellScript = "diff \"${PODS_PODFILE_DIR_PATH}/Podfile.lock\" \"${PODS_ROOT}/Manifest.lock\" > /dev/null\nif [ $? != 0 ] ; then\n    # print error to STDERR\n    echo \"error: The sandbox is not in sync with the Podfile.lock. Run 'pod install' or update your CocoaPods installation.\" >&2\n    exit 1\nfi\n# This output is used by Xcode 'outputs' to avoid re-running this script phase.\necho \"SUCCESS\" > \"${SCRIPT_OUTPUT_FILE_0}\"\n";
			showEnvVarsInLog = 0;
		};
/* End PBXShellScriptBuildPhase section */

/* Begin PBXSourcesBuildPhase section */
		1BFDE34F2BC2F1C9000EBA6E /* Sources */ = {
			isa = PBXSourcesBuildPhase;
			buildActionMask = 2147483647;
			files = (
				1BFDE35B2BC2F1C9000EBA6E /* ViewController.swift in Sources */,
				1BFDE3572BC2F1C9000EBA6E /* AppDelegate.swift in Sources */,
				1BFDE3612BC2F1C9000EBA6E /* LottieStudy.xcdatamodeld in Sources */,
				1BFDE3592BC2F1C9000EBA6E /* SceneDelegate.swift in Sources */,
			);
			runOnlyForDeploymentPostprocessing = 0;
		};
/* End PBXSourcesBuildPhase section */

/* Begin PBXVariantGroup section */
		1BFDE3642BC2F1CB000EBA6E /* LaunchScreen.storyboard */ = {
			isa = PBXVariantGroup;
			children = (
				1BFDE3652BC2F1CB000EBA6E /* Base */,
			);
			name = LaunchScreen.storyboard;
			sourceTree = "<group>";
		};
/* End PBXVariantGroup section */

/* Begin XCBuildConfiguration section */
		1BFDE3682BC2F1CB000EBA6E /* Debug */ = {
			isa = XCBuildConfiguration;
			buildSettings = {
				ALWAYS_SEARCH_USER_PATHS = NO;
				ASSETCATALOG_COMPILER_GENERATE_SWIFT_ASSET_SYMBOL_EXTENSIONS = YES;
				CLANG_ANALYZER_NONNULL = YES;
				CLANG_ANALYZER_NUMBER_OBJECT_CONVERSION = YES_AGGRESSIVE;
				CLANG_CXX_LANGUAGE_STANDARD = "gnu++20";
				CLANG_ENABLE_MODULES = YES;
				CLANG_ENABLE_OBJC_ARC = YES;
				CLANG_ENABLE_OBJC_WEAK = YES;
				CLANG_WARN_BLOCK_CAPTURE_AUTORELEASING = YES;
				CLANG_WARN_BOOL_CONVERSION = YES;
				CLANG_WARN_COMMA = YES;
				CLANG_WARN_CONSTANT_CONVERSION = YES;
				CLANG_WARN_DEPRECATED_OBJC_IMPLEMENTATIONS = YES;
				CLANG_WARN_DIRECT_OBJC_ISA_USAGE = YES_ERROR;
				CLANG_WARN_DOCUMENTATION_COMMENTS = YES;
				CLANG_WARN_EMPTY_BODY = YES;
				CLANG_WARN_ENUM_CONVERSION = YES;
				CLANG_WARN_INFINITE_RECURSION = YES;
				CLANG_WARN_INT_CONVERSION = YES;
				CLANG_WARN_NON_LITERAL_NULL_CONVERSION = YES;
				CLANG_WARN_OBJC_IMPLICIT_RETAIN_SELF = YES;
				CLANG_WARN_OBJC_LITERAL_CONVERSION = YES;
				CLANG_WARN_OBJC_ROOT_CLASS = YES_ERROR;
				CLANG_WARN_QUOTED_INCLUDE_IN_FRAMEWORK_HEADER = YES;
				CLANG_WARN_RANGE_LOOP_ANALYSIS = YES;
				CLANG_WARN_STRICT_PROTOTYPES = YES;
				CLANG_WARN_SUSPICIOUS_MOVE = YES;
				CLANG_WARN_UNGUARDED_AVAILABILITY = YES_AGGRESSIVE;
				CLANG_WARN_UNREACHABLE_CODE = YES;
				CLANG_WARN__DUPLICATE_METHOD_MATCH = YES;
				COPY_PHASE_STRIP = NO;
				DEBUG_INFORMATION_FORMAT = dwarf;
				ENABLE_STRICT_OBJC_MSGSEND = YES;
				ENABLE_TESTABILITY = YES;
				ENABLE_USER_SCRIPT_SANDBOXING = NO;
				GCC_C_LANGUAGE_STANDARD = gnu17;
				GCC_DYNAMIC_NO_PIC = NO;
				GCC_NO_COMMON_BLOCKS = YES;
				GCC_OPTIMIZATION_LEVEL = 0;
				GCC_PREPROCESSOR_DEFINITIONS = (
					"DEBUG=1",
					"$(inherited)",
				);
				GCC_WARN_64_TO_32_BIT_CONVERSION = YES;
				GCC_WARN_ABOUT_RETURN_TYPE = YES_ERROR;
				GCC_WARN_UNDECLARED_SELECTOR = YES;
				GCC_WARN_UNINITIALIZED_AUTOS = YES_AGGRESSIVE;
				GCC_WARN_UNUSED_FUNCTION = YES;
				GCC_WARN_UNUSED_VARIABLE = YES;
				IPHONEOS_DEPLOYMENT_TARGET = 17.4;
				LOCALIZATION_PREFERS_STRING_CATALOGS = YES;
				MTL_ENABLE_DEBUG_INFO = INCLUDE_SOURCE;
				MTL_FAST_MATH = YES;
				ONLY_ACTIVE_ARCH = YES;
				SDKROOT = iphoneos;
				SWIFT_ACTIVE_COMPILATION_CONDITIONS = "DEBUG $(inherited)";
				SWIFT_OPTIMIZATION_LEVEL = "-Onone";
			};
			name = Debug;
		};
		1BFDE3692BC2F1CB000EBA6E /* Release */ = {
			isa = XCBuildConfiguration;
			buildSettings = {
				ALWAYS_SEARCH_USER_PATHS = NO;
				ASSETCATALOG_COMPILER_GENERATE_SWIFT_ASSET_SYMBOL_EXTENSIONS = YES;
				CLANG_ANALYZER_NONNULL = YES;
				CLANG_ANALYZER_NUMBER_OBJECT_CONVERSION = YES_AGGRESSIVE;
				CLANG_CXX_LANGUAGE_STANDARD = "gnu++20";
				CLANG_ENABLE_MODULES = YES;
				CLANG_ENABLE_OBJC_ARC = YES;
				CLANG_ENABLE_OBJC_WEAK = YES;
				CLANG_WARN_BLOCK_CAPTURE_AUTORELEASING = YES;
				CLANG_WARN_BOOL_CONVERSION = YES;
				CLANG_WARN_COMMA = YES;
				CLANG_WARN_CONSTANT_CONVERSION = YES;
				CLANG_WARN_DEPRECATED_OBJC_IMPLEMENTATIONS = YES;
				CLANG_WARN_DIRECT_OBJC_ISA_USAGE = YES_ERROR;
				CLANG_WARN_DOCUMENTATION_COMMENTS = YES;
				CLANG_WARN_EMPTY_BODY = YES;
				CLANG_WARN_ENUM_CONVERSION = YES;
				CLANG_WARN_INFINITE_RECURSION = YES;
				CLANG_WARN_INT_CONVERSION = YES;
				CLANG_WARN_NON_LITERAL_NULL_CONVERSION = YES;
				CLANG_WARN_OBJC_IMPLICIT_RETAIN_SELF = YES;
				CLANG_WARN_OBJC_LITERAL_CONVERSION = YES;
				CLANG_WARN_OBJC_ROOT_CLASS = YES_ERROR;
				CLANG_WARN_QUOTED_INCLUDE_IN_FRAMEWORK_HEADER = YES;
				CLANG_WARN_RANGE_LOOP_ANALYSIS = YES;
				CLANG_WARN_STRICT_PROTOTYPES = YES;
				CLANG_WARN_SUSPICIOUS_MOVE = YES;
				CLANG_WARN_UNGUARDED_AVAILABILITY = YES_AGGRESSIVE;
				CLANG_WARN_UNREACHABLE_CODE = YES;
				CLANG_WARN__DUPLICATE_METHOD_MATCH = YES;
				COPY_PHASE_STRIP = NO;
				DEBUG_INFORMATION_FORMAT = "dwarf-with-dsym";
				ENABLE_NS_ASSERTIONS = NO;
				ENABLE_STRICT_OBJC_MSGSEND = YES;
				ENABLE_USER_SCRIPT_SANDBOXING = NO;
				GCC_C_LANGUAGE_STANDARD = gnu17;
				GCC_NO_COMMON_BLOCKS = YES;
				GCC_WARN_64_TO_32_BIT_CONVERSION = YES;
				GCC_WARN_ABOUT_RETURN_TYPE = YES_ERROR;
				GCC_WARN_UNDECLARED_SELECTOR = YES;
				GCC_WARN_UNINITIALIZED_AUTOS = YES_AGGRESSIVE;
				GCC_WARN_UNUSED_FUNCTION = YES;
				GCC_WARN_UNUSED_VARIABLE = YES;
				IPHONEOS_DEPLOYMENT_TARGET = 17.4;
				LOCALIZATION_PREFERS_STRING_CATALOGS = YES;
				MTL_ENABLE_DEBUG_INFO = NO;
				MTL_FAST_MATH = YES;
				SDKROOT = iphoneos;
				SWIFT_COMPILATION_MODE = wholemodule;
				VALIDATE_PRODUCT = YES;
			};
			name = Release;
		};
		1BFDE36B2BC2F1CB000EBA6E /* Debug */ = {
			isa = XCBuildConfiguration;
			baseConfigurationReference = 751CF98E5891DA04B0F14651 /* Pods-LottieStudy.debug.xcconfig */;
			buildSettings = {
				ASSETCATALOG_COMPILER_APPICON_NAME = AppIcon;
				ASSETCATALOG_COMPILER_GLOBAL_ACCENT_COLOR_NAME = AccentColor;
				CODE_SIGN_STYLE = Automatic;
				CURRENT_PROJECT_VERSION = 1;
				DEVELOPMENT_TEAM = 42QF7Y2JLS;
				GENERATE_INFOPLIST_FILE = YES;
				INFOPLIST_FILE = LottieStudy/Info.plist;
				INFOPLIST_KEY_UIApplicationSupportsIndirectInputEvents = YES;
				INFOPLIST_KEY_UILaunchStoryboardName = LaunchScreen;
				INFOPLIST_KEY_UISupportedInterfaceOrientations_iPad = "UIInterfaceOrientationPortrait UIInterfaceOrientationPortraitUpsideDown UIInterfaceOrientationLandscapeLeft UIInterfaceOrientationLandscapeRight";
				INFOPLIST_KEY_UISupportedInterfaceOrientations_iPhone = "UIInterfaceOrientationPortrait UIInterfaceOrientationLandscapeLeft UIInterfaceOrientationLandscapeRight";
				IPHONEOS_DEPLOYMENT_TARGET = 15.0;
				LD_RUNPATH_SEARCH_PATHS = (
					"$(inherited)",
					"@executable_path/Frameworks",
				);
				MARKETING_VERSION = 1.0;
				PRODUCT_BUNDLE_IDENTIFIER = com.yourcompany.LottieStudy;
				PRODUCT_NAME = "$(TARGET_NAME)";
				SWIFT_EMIT_LOC_STRINGS = YES;
				SWIFT_VERSION = 5.0;
				TARGETED_DEVICE_FAMILY = "1,2";
			};
			name = Debug;
		};
		1BFDE36C2BC2F1CB000EBA6E /* Release */ = {
			isa = XCBuildConfiguration;
			baseConfigurationReference = 147E814E9551824C25843DD2 /* Pods-LottieStudy.release.xcconfig */;
			buildSettings = {
				ASSETCATALOG_COMPILER_APPICON_NAME = AppIcon;
				ASSETCATALOG_COMPILER_GLOBAL_ACCENT_COLOR_NAME = AccentColor;
				CODE_SIGN_STYLE = Automatic;
				CURRENT_PROJECT_VERSION = 1;
				DEVELOPMENT_TEAM = 42QF7Y2JLS;
				GENERATE_INFOPLIST_FILE = YES;
				INFOPLIST_FILE = LottieStudy/Info.plist;
				INFOPLIST_KEY_UIApplicationSupportsIndirectInputEvents = YES;
				INFOPLIST_KEY_UILaunchStoryboardName = LaunchScreen;
				INFOPLIST_KEY_UISupportedInterfaceOrientations_iPad = "UIInterfaceOrientationPortrait UIInterfaceOrientationPortraitUpsideDown UIInterfaceOrientationLandscapeLeft UIInterfaceOrientationLandscapeRight";
				INFOPLIST_KEY_UISupportedInterfaceOrientations_iPhone = "UIInterfaceOrientationPortrait UIInterfaceOrientationLandscapeLeft UIInterfaceOrientationLandscapeRight";
				IPHONEOS_DEPLOYMENT_TARGET = 15.0;
				LD_RUNPATH_SEARCH_PATHS = (
					"$(inherited)",
					"@executable_path/Frameworks",
				);
				MARKETING_VERSION = 1.0;
				PRODUCT_BUNDLE_IDENTIFIER = com.yourcompany.LottieStudy;
				PRODUCT_NAME = "$(TARGET_NAME)";
				SWIFT_EMIT_LOC_STRINGS = YES;
				SWIFT_VERSION = 5.0;
				TARGETED_DEVICE_FAMILY = "1,2";
			};
			name = Release;
		};
/* End XCBuildConfiguration section */

/* Begin XCConfigurationList section */
		1BFDE34E2BC2F1C9000EBA6E /* Build configuration list for PBXProject "LottieStudy" */ = {
			isa = XCConfigurationList;
			buildConfigurations = (
				1BFDE3682BC2F1CB000EBA6E /* Debug */,
				1BFDE3692BC2F1CB000EBA6E /* Release */,
			);
			defaultConfigurationIsVisible = 0;
			defaultConfigurationName = Release;
		};
		1BFDE36A2BC2F1CB000EBA6E /* Build configuration list for PBXNativeTarget "LottieStudy" */ = {
			isa = XCConfigurationList;
			buildConfigurations = (
				1BFDE36B2BC2F1CB000EBA6E /* Debug */,
				1BFDE36C2BC2F1CB000EBA6E /* Release */,
			);
			defaultConfigurationIsVisible = 0;
			defaultConfigurationName = Release;
		};
/* End XCConfigurationList section */

/* Begin XCRemoteSwiftPackageReference section */
		1BFDE36F2BC2F84E000EBA6E /* XCRemoteSwiftPackageReference "lottie-ios" */ = {
			isa = XCRemoteSwiftPackageReference;
			repositoryURL = "https://github.com/airbnb/lottie-ios.git";
			requirement = {
				kind = upToNextMajorVersion;
				minimumVersion = 4.4.2;
			};
		};
/* End XCRemoteSwiftPackageReference section */

/* Begin XCSwiftPackageProductDependency section */
		1BFDE3702BC2F84E000EBA6E /* Lottie */ = {
			isa = XCSwiftPackageProductDependency;
			package = 1BFDE36F2BC2F84E000EBA6E /* XCRemoteSwiftPackageReference "lottie-ios" */;
			productName = Lottie;
		};
/* End XCSwiftPackageProductDependency section */

/* Begin XCVersionGroup section */
		1BFDE35F2BC2F1C9000EBA6E /* LottieStudy.xcdatamodeld */ = {
			isa = XCVersionGroup;
			children = (
				1BFDE3602BC2F1C9000EBA6E /* LottieStudy.xcdatamodel */,
			);
			currentVersion = 1BFDE3602BC2F1C9000EBA6E /* LottieStudy.xcdatamodel */;
			path = LottieStudy.xcdatamodeld;
			sourceTree = "<group>";
			versionGroupType = wrapper.xcdatamodel;
		};
/* End XCVersionGroup section */
	};
	rootObject = 1BFDE34B2BC2F1C9000EBA6E /* Project object */;
}
